
Microsoft Visual Studio Solution File, Format Version 12.00
# Visual Studio Version 17
VisualStudioVersion = 17.1.32414.318
MinimumVisualStudioVersion = 10.0.40219.1
Project("{8BC9CEB8-8B4A-11D0-8D11-00A0C91BC942}") = "cool stuf", "cool stuf\cool stuf.vcxproj", "{0F3283D9-6425-47BE-962B-359BBF017043}"
EndProject
Global
	GlobalSection(SolutionConfigurationPlatforms) = preSolution
		Debug|x64 = Debug|x64
		Debug|x86 = Debug|x86
		Release|x64 = Release|x64
		Release|x86 = Release|x86
	EndGlobalSection
	GlobalSection(ProjectConfigurationPlatforms) = postSolution
		{0F3283D9-6425-47BE-962B-359BBF017043}.Debug|x64.ActiveCfg = Debug|x64
		{0F3283D9-6425-47BE-962B-359BBF017043}.Debug|x64.Build.0 = Debug|x64
		{0F3283D9-6425-47BE-962B-359BBF017043}.Debug|x86.ActiveCfg = Debug|Win32
		{0F3283D9-6425-47BE-962B-359BBF017043}.Debug|x86.Build.0 = Debug|Win32
		{0F3283D9-6425-47BE-962B-359BBF017043}.Release|x64.ActiveCfg = Release|x64
		{0F3283D9-6425-47BE-962B-359BBF017043}.Release|x64.Build.0 = Release|x64
		{0F3283D9-6425-47BE-962B-359BBF017043}.Release|x86.ActiveCfg = Release|Win32
		{0F3283D9-6425-47BE-962B-359BBF017043}.Release|x86.Build.0 = Release|Win32
	EndGlobalSection
	GlobalSection(SolutionProperties) = preSolution
		HideSolutionNode = FALSE
	EndGlobalSection
	GlobalSection(ExtensibilityGlobals) = postSolution
		SolutionGuid = {33CD2336-E6A3-4CCF-A28E-6BD52551F7EA}
	EndGlobalSection
EndGlobal
